
Microsoft Visual Studio Solution File, Format Version 12.00
# Visual Studio Version 17
VisualStudioVersion = 17.4.33015.44
MinimumVisualStudioVersion = 10.0.40219.1
Project("{9A19103F-16F7-4668-BE54-9A1E7A4F7556}") = "GrpcService1", "GrpcService1\GrpcService1.csproj", "{58E1F778-297F-4744-98F7-5A65611282A9}"
EndProject
Global
	GlobalSection(SolutionConfigurationPlatforms) = preSolution
		Debug|Any CPU = Debug|Any CPU
		Release|Any CPU = Release|Any CPU
	EndGlobalSection
	GlobalSection(ProjectConfigurationPlatforms) = postSolution
		{58E1F778-297F-4744-98F7-5A65611282A9}.Debug|Any CPU.ActiveCfg = Debug|Any CPU
		{58E1F778-297F-4744-98F7-5A65611282A9}.Debug|Any CPU.Build.0 = Debug|Any CPU
		{58E1F778-297F-4744-98F7-5A65611282A9}.Release|Any CPU.ActiveCfg = Release|Any CPU
		{58E1F778-297F-4744-98F7-5A65611282A9}.Release|Any CPU.Build.0 = Release|Any CPU
	EndGlobalSection
	GlobalSection(SolutionProperties) = preSolution
		HideSolutionNode = FALSE
	EndGlobalSection
	GlobalSection(ExtensibilityGlobals) = postSolution
		SolutionGuid = {04CD690F-857D-4BD6-9298-128336FFBA67}
	EndGlobalSection
EndGlobal
